
Microsoft Visual Studio Solution File, Format Version 12.00
# Visual Studio Version 17
VisualStudioVersion = 17.11.35327.3
MinimumVisualStudioVersion = 10.0.40219.1
Project("{8BC9CEB8-8B4A-11D0-8D11-00A0C91BC942}") = "matrix_multiplication_CUDA", "matrix_multiplication_CUDA\matrix_multiplication_CUDA.vcxproj", "{D8EF7B79-64E2-4BAC-BC72-611F84374D02}"
EndProject
Global
	GlobalSection(SolutionConfigurationPlatforms) = preSolution
		Debug|x64 = Debug|x64
		Release|x64 = Release|x64
	EndGlobalSection
	GlobalSection(ProjectConfigurationPlatforms) = postSolution
		{D8EF7B79-64E2-4BAC-BC72-611F84374D02}.Debug|x64.ActiveCfg = Debug|x64
		{D8EF7B79-64E2-4BAC-BC72-611F84374D02}.Debug|x64.Build.0 = Debug|x64
		{D8EF7B79-64E2-4BAC-BC72-611F84374D02}.Release|x64.ActiveCfg = Release|x64
		{D8EF7B79-64E2-4BAC-BC72-611F84374D02}.Release|x64.Build.0 = Release|x64
	EndGlobalSection
	GlobalSection(SolutionProperties) = preSolution
		HideSolutionNode = FALSE
	EndGlobalSection
	GlobalSection(ExtensibilityGlobals) = postSolution
		SolutionGuid = {8E20137F-F13A-41DE-95BC-BE1519991001}
	EndGlobalSection
EndGlobal
